
Microsoft Visual Studio Solution File, Format Version 12.00
# Visual Studio Version 16
VisualStudioVersion = 16.0.29709.97
MinimumVisualStudioVersion = 10.0.40219.1
Project("{9A19103F-16F7-4668-BE54-9A1E7A4F7556}") = "Rapport", "Rapport\Rapport\Rapport.csproj", "{2A30ACB1-FFD0-470B-9B79-77CE412F9FF5}"
EndProject
Project("{FAE04EC0-301F-11D3-BF4B-00C04F79EFBC}") = "Rapport.Android", "Rapport\Rapport.Android\Rapport.Android.csproj", "{BAE0EC9D-7486-48E1-8376-D080EDC97600}"
EndProject
Project("{FAE04EC0-301F-11D3-BF4B-00C04F79EFBC}") = "Rapport.iOS", "Rapport\Rapport.iOS\Rapport.iOS.csproj", "{08264057-7882-4F79-986B-AD909D4A231D}"
EndProject
Project("{FAE04EC0-301F-11D3-BF4B-00C04F79EFBC}") = "Rapport.UWP", "Rapport\Rapport.UWP\Rapport.UWP.csproj", "{E7F90DB7-AC93-4BF0-A97F-7F72C1B1D172}"
EndProject
Project("{2150E333-8FDC-42A3-9474-1A3956D46DE8}") = "Solution Items", "Solution Items", "{BF25B0E3-0394-4A1E-AE82-E81AB96F80F7}"
	ProjectSection(SolutionItems) = preProject
		.editorconfig = .editorconfig
	EndProjectSection
EndProject
Project("{9A19103F-16F7-4668-BE54-9A1E7A4F7556}") = "Rapport.Contracts", "Rapport.Contracts\Rapport.Contracts.csproj", "{EA093318-7D90-40D2-8456-0081825980E9}"
EndProject
Project("{9A19103F-16F7-4668-BE54-9A1E7A4F7556}") = "Rapport.Data", "Rapport.Data\Rapport.Data.csproj", "{32AA0145-3205-48E3-932D-2A6C0056A060}"
EndProject
Project("{FAE04EC0-301F-11D3-BF4B-00C04F79EFBC}") = "Rapport.Tests", "Rapport.Tests\Rapport.Tests.csproj", "{88FE1A75-E462-4452-A825-AFA2C2B9601F}"
EndProject
Project("{2150E333-8FDC-42A3-9474-1A3956D46DE8}") = "UI", "UI", "{A1CBA299-7F7A-469D-BA44-2D4684D7EE6E}"
EndProject
Global
	GlobalSection(SolutionConfigurationPlatforms) = preSolution
		Ad-Hoc|Any CPU = Ad-Hoc|Any CPU
		Ad-Hoc|ARM = Ad-Hoc|ARM
		Ad-Hoc|iPhone = Ad-Hoc|iPhone
		Ad-Hoc|iPhoneSimulator = Ad-Hoc|iPhoneSimulator
		Ad-Hoc|x64 = Ad-Hoc|x64
		Ad-Hoc|x86 = Ad-Hoc|x86
		AppStore|Any CPU = AppStore|Any CPU
		AppStore|ARM = AppStore|ARM
		AppStore|iPhone = AppStore|iPhone
		AppStore|iPhoneSimulator = AppStore|iPhoneSimulator
		AppStore|x64 = AppStore|x64
		AppStore|x86 = AppStore|x86
		Debug|Any CPU = Debug|Any CPU
		Debug|ARM = Debug|ARM
		Debug|iPhone = Debug|iPhone
		Debug|iPhoneSimulator = Debug|iPhoneSimulator
		Debug|x64 = Debug|x64
		Debug|x86 = Debug|x86
		Release|Any CPU = Release|Any CPU
		Release|ARM = Release|ARM
		Release|iPhone = Release|iPhone
		Release|iPhoneSimulator = Release|iPhoneSimulator
		Release|x64 = Release|x64
		Release|x86 = Release|x86
	EndGlobalSection
	GlobalSection(ProjectConfigurationPlatforms) = postSolution
		{2A30ACB1-FFD0-470B-9B79-77CE412F9FF5}.Ad-Hoc|Any CPU.ActiveCfg = Debug|Any CPU
		{2A30ACB1-FFD0-470B-9B79-77CE412F9FF5}.Ad-Hoc|Any CPU.Build.0 = Debug|Any CPU
		{2A30ACB1-FFD0-470B-9B79-77CE412F9FF5}.Ad-Hoc|ARM.ActiveCfg = Debug|Any CPU
		{2A30ACB1-FFD0-470B-9B79-77CE412F9FF5}.Ad-Hoc|ARM.Build.0 = Debug|Any CPU
		{2A30ACB1-FFD0-470B-9B79-77CE412F9FF5}.Ad-Hoc|iPhone.ActiveCfg = Debug|Any CPU
		{2A30ACB1-FFD0-470B-9B79-77CE412F9FF5}.Ad-Hoc|iPhone.Build.0 = Debug|Any CPU
		{2A30ACB1-FFD0-470B-9B79-77CE412F9FF5}.Ad-Hoc|iPhoneSimulator.ActiveCfg = Debug|Any CPU
		{2A30ACB1-FFD0-470B-9B79-77CE412F9FF5}.Ad-Hoc|iPhoneSimulator.Build.0 = Debug|Any CPU
		{2A30ACB1-FFD0-470B-9B79-77CE412F9FF5}.Ad-Hoc|x64.ActiveCfg = Debug|Any CPU
		{2A30ACB1-FFD0-470B-9B79-77CE412F9FF5}.Ad-Hoc|x64.Build.0 = Debug|Any CPU
		{2A30ACB1-FFD0-470B-9B79-77CE412F9FF5}.Ad-Hoc|x86.ActiveCfg = Debug|Any CPU
		{2A30ACB1-FFD0-470B-9B79-77CE412F9FF5}.Ad-Hoc|x86.Build.0 = Debug|Any CPU
		{2A30ACB1-FFD0-470B-9B79-77CE412F9FF5}.AppStore|Any CPU.ActiveCfg = Debug|Any CPU
		{2A30ACB1-FFD0-470B-9B79-77CE412F9FF5}.AppStore|Any CPU.Build.0 = Debug|Any CPU
		{2A30ACB1-FFD0-470B-9B79-77CE412F9FF5}.AppStore|ARM.ActiveCfg = Debug|Any CPU
		{2A30ACB1-FFD0-470B-9B79-77CE412F9FF5}.AppStore|ARM.Build.0 = Debug|Any CPU
		{2A30ACB1-FFD0-470B-9B79-77CE412F9FF5}.AppStore|iPhone.ActiveCfg = Debug|Any CPU
		{2A30ACB1-FFD0-470B-9B79-77CE412F9FF5}.AppStore|iPhone.Build.0 = Debug|Any CPU
		{2A30ACB1-FFD0-470B-9B79-77CE412F9FF5}.AppStore|iPhoneSimulator.ActiveCfg = Debug|Any CPU
		{2A30ACB1-FFD0-470B-9B79-77CE412F9FF5}.AppStore|iPhoneSimulator.Build.0 = Debug|Any CPU
		{2A30ACB1-FFD0-470B-9B79-77CE412F9FF5}.AppStore|x64.ActiveCfg = Debug|Any CPU
		{2A30ACB1-FFD0-470B-9B79-77CE412F9FF5}.AppStore|x64.Build.0 = Debug|Any CPU
		{2A30ACB1-FFD0-470B-9B79-77CE412F9FF5}.AppStore|x86.ActiveCfg = Debug|Any CPU
		{2A30ACB1-FFD0-470B-9B79-77CE412F9FF5}.AppStore|x86.Build.0 = Debug|Any CPU
		{2A30ACB1-FFD0-470B-9B79-77CE412F9FF5}.Debug|Any CPU.ActiveCfg = Debug|Any CPU
		{2A30ACB1-FFD0-470B-9B79-77CE412F9FF5}.Debug|Any CPU.Build.0 = Debug|Any CPU
		{2A30ACB1-FFD0-470B-9B79-77CE412F9FF5}.Debug|ARM.ActiveCfg = Debug|Any CPU
		{2A30ACB1-FFD0-470B-9B79-77CE412F9FF5}.Debug|ARM.Build.0 = Debug|Any CPU
		{2A30ACB1-FFD0-470B-9B79-77CE412F9FF5}.Debug|iPhone.ActiveCfg = Debug|Any CPU
		{2A30ACB1-FFD0-470B-9B79-77CE412F9FF5}.Debug|iPhone.Build.0 = Debug|Any CPU
		{2A30ACB1-FFD0-470B-9B79-77CE412F9FF5}.Debug|iPhoneSimulator.ActiveCfg = Debug|Any CPU
		{2A30ACB1-FFD0-470B-9B79-77CE412F9FF5}.Debug|iPhoneSimulator.Build.0 = Debug|Any CPU
		{2A30ACB1-FFD0-470B-9B79-77CE412F9FF5}.Debug|x64.ActiveCfg = Debug|Any CPU
		{2A30ACB1-FFD0-470B-9B79-77CE412F9FF5}.Debug|x64.Build.0 = Debug|Any CPU
		{2A30ACB1-FFD0-470B-9B79-77CE412F9FF5}.Debug|x86.ActiveCfg = Debug|Any CPU
		{2A30ACB1-FFD0-470B-9B79-77CE412F9FF5}.Debug|x86.Build.0 = Debug|Any CPU
		{2A30ACB1-FFD0-470B-9B79-77CE412F9FF5}.Release|Any CPU.ActiveCfg = Release|Any CPU
		{2A30ACB1-FFD0-470B-9B79-77CE412F9FF5}.Release|Any CPU.Build.0 = Release|Any CPU
		{2A30ACB1-FFD0-470B-9B79-77CE412F9FF5}.Release|ARM.ActiveCfg = Release|Any CPU
		{2A30ACB1-FFD0-470B-9B79-77CE412F9FF5}.Release|ARM.Build.0 = Release|Any CPU
		{2A30ACB1-FFD0-470B-9B79-77CE412F9FF5}.Release|iPhone.ActiveCfg = Release|Any CPU
		{2A30ACB1-FFD0-470B-9B79-77CE412F9FF5}.Release|iPhone.Build.0 = Release|Any CPU
		{2A30ACB1-FFD0-470B-9B79-77CE412F9FF5}.Release|iPhoneSimulator.ActiveCfg = Release|Any CPU
		{2A30ACB1-FFD0-470B-9B79-77CE412F9FF5}.Release|iPhoneSimulator.Build.0 = Release|Any CPU
		{2A30ACB1-FFD0-470B-9B79-77CE412F9FF5}.Release|x64.ActiveCfg = Release|Any CPU
		{2A30ACB1-FFD0-470B-9B79-77CE412F9FF5}.Release|x64.Build.0 = Release|Any CPU
		{2A30ACB1-FFD0-470B-9B79-77CE412F9FF5}.Release|x86.ActiveCfg = Release|Any CPU
		{2A30ACB1-FFD0-470B-9B79-77CE412F9FF5}.Release|x86.Build.0 = Release|Any CPU
		{BAE0EC9D-7486-48E1-8376-D080EDC97600}.Ad-Hoc|Any CPU.ActiveCfg = Release|Any CPU
		{BAE0EC9D-7486-48E1-8376-D080EDC97600}.Ad-Hoc|Any CPU.Build.0 = Release|Any CPU
		{BAE0EC9D-7486-48E1-8376-D080EDC97600}.Ad-Hoc|Any CPU.Deploy.0 = Release|Any CPU
		{BAE0EC9D-7486-48E1-8376-D080EDC97600}.Ad-Hoc|ARM.ActiveCfg = Release|Any CPU
		{BAE0EC9D-7486-48E1-8376-D080EDC97600}.Ad-Hoc|ARM.Build.0 = Release|Any CPU
		{BAE0EC9D-7486-48E1-8376-D080EDC97600}.Ad-Hoc|ARM.Deploy.0 = Release|Any CPU
		{BAE0EC9D-7486-48E1-8376-D080EDC97600}.Ad-Hoc|iPhone.ActiveCfg = Release|Any CPU
		{BAE0EC9D-7486-48E1-8376-D080EDC97600}.Ad-Hoc|iPhone.Build.0 = Release|Any CPU
		{BAE0EC9D-7486-48E1-8376-D080EDC97600}.Ad-Hoc|iPhone.Deploy.0 = Release|Any CPU
		{BAE0EC9D-7486-48E1-8376-D080EDC97600}.Ad-Hoc|iPhoneSimulator.ActiveCfg = Release|Any CPU
		{BAE0EC9D-7486-48E1-8376-D080EDC97600}.Ad-Hoc|iPhoneSimulator.Build.0 = Release|Any CPU
		{BAE0EC9D-7486-48E1-8376-D080EDC97600}.Ad-Hoc|iPhoneSimulator.Deploy.0 = Release|Any CPU
		{BAE0EC9D-7486-48E1-8376-D080EDC97600}.Ad-Hoc|x64.ActiveCfg = Release|Any CPU
		{BAE0EC9D-7486-48E1-8376-D080EDC97600}.Ad-Hoc|x64.Build.0 = Release|Any CPU
		{BAE0EC9D-7486-48E1-8376-D080EDC97600}.Ad-Hoc|x64.Deploy.0 = Release|Any CPU
		{BAE0EC9D-7486-48E1-8376-D080EDC97600}.Ad-Hoc|x86.ActiveCfg = Release|Any CPU
		{BAE0EC9D-7486-48E1-8376-D080EDC97600}.Ad-Hoc|x86.Build.0 = Release|Any CPU
		{BAE0EC9D-7486-48E1-8376-D080EDC97600}.Ad-Hoc|x86.Deploy.0 = Release|Any CPU
		{BAE0EC9D-7486-48E1-8376-D080EDC97600}.AppStore|Any CPU.ActiveCfg = Release|Any CPU
		{BAE0EC9D-7486-48E1-8376-D080EDC97600}.AppStore|Any CPU.Build.0 = Release|Any CPU
		{BAE0EC9D-7486-48E1-8376-D080EDC97600}.AppStore|Any CPU.Deploy.0 = Release|Any CPU
		{BAE0EC9D-7486-48E1-8376-D080EDC97600}.AppStore|ARM.ActiveCfg = Release|Any CPU
		{BAE0EC9D-7486-48E1-8376-D080EDC97600}.AppStore|ARM.Build.0 = Release|Any CPU
		{BAE0EC9D-7486-48E1-8376-D080EDC97600}.AppStore|ARM.Deploy.0 = Release|Any CPU
		{BAE0EC9D-7486-48E1-8376-D080EDC97600}.AppStore|iPhone.ActiveCfg = Release|Any CPU
		{BAE0EC9D-7486-48E1-8376-D080EDC97600}.AppStore|iPhone.Build.0 = Release|Any CPU
		{BAE0EC9D-7486-48E1-8376-D080EDC97600}.AppStore|iPhone.Deploy.0 = Release|Any CPU
		{BAE0EC9D-7486-48E1-8376-D080EDC97600}.AppStore|iPhoneSimulator.ActiveCfg = Release|Any CPU
		{BAE0EC9D-7486-48E1-8376-D080EDC97600}.AppStore|iPhoneSimulator.Build.0 = Release|Any CPU
		{BAE0EC9D-7486-48E1-8376-D080EDC97600}.AppStore|iPhoneSimulator.Deploy.0 = Release|Any CPU
		{BAE0EC9D-7486-48E1-8376-D080EDC97600}.AppStore|x64.ActiveCfg = Release|Any CPU
		{BAE0EC9D-7486-48E1-8376-D080EDC97600}.AppStore|x64.Build.0 = Release|Any CPU
		{BAE0EC9D-7486-48E1-8376-D080EDC97600}.AppStore|x64.Deploy.0 = Release|Any CPU
		{BAE0EC9D-7486-48E1-8376-D080EDC97600}.AppStore|x86.ActiveCfg = Release|Any CPU
		{BAE0EC9D-7486-48E1-8376-D080EDC97600}.AppStore|x86.Build.0 = Release|Any CPU
		{BAE0EC9D-7486-48E1-8376-D080EDC97600}.AppStore|x86.Deploy.0 = Release|Any CPU
		{BAE0EC9D-7486-48E1-8376-D080EDC97600}.Debug|Any CPU.ActiveCfg = Debug|Any CPU
		{BAE0EC9D-7486-48E1-8376-D080EDC97600}.Debug|Any CPU.Build.0 = Debug|Any CPU
		{BAE0EC9D-7486-48E1-8376-D080EDC97600}.Debug|Any CPU.Deploy.0 = Debug|Any CPU
		{BAE0EC9D-7486-48E1-8376-D080EDC97600}.Debug|ARM.ActiveCfg = Debug|Any CPU
		{BAE0EC9D-7486-48E1-8376-D080EDC97600}.Debug|ARM.Build.0 = Debug|Any CPU
		{BAE0EC9D-7486-48E1-8376-D080EDC97600}.Debug|ARM.Deploy.0 = Debug|Any CPU
		{BAE0EC9D-7486-48E1-8376-D080EDC97600}.Debug|iPhone.ActiveCfg = Debug|Any CPU
		{BAE0EC9D-7486-48E1-8376-D080EDC97600}.Debug|iPhone.Build.0 = Debug|Any CPU
		{BAE0EC9D-7486-48E1-8376-D080EDC97600}.Debug|iPhone.Deploy.0 = Debug|Any CPU
		{BAE0EC9D-7486-48E1-8376-D080EDC97600}.Debug|iPhoneSimulator.ActiveCfg = Debug|Any CPU
		{BAE0EC9D-7486-48E1-8376-D080EDC97600}.Debug|iPhoneSimulator.Build.0 = Debug|Any CPU
		{BAE0EC9D-7486-48E1-8376-D080EDC97600}.Debug|iPhoneSimulator.Deploy.0 = Debug|Any CPU
		{BAE0EC9D-7486-48E1-8376-D080EDC97600}.Debug|x64.ActiveCfg = Debug|Any CPU
		{BAE0EC9D-7486-48E1-8376-D080EDC97600}.Debug|x64.Build.0 = Debug|Any CPU
		{BAE0EC9D-7486-48E1-8376-D080EDC97600}.Debug|x64.Deploy.0 = Debug|Any CPU
		{BAE0EC9D-7486-48E1-8376-D080EDC97600}.Debug|x86.ActiveCfg = Debug|Any CPU
		{BAE0EC9D-7486-48E1-8376-D080EDC97600}.Debug|x86.Build.0 = Debug|Any CPU
		{BAE0EC9D-7486-48E1-8376-D080EDC97600}.Debug|x86.Deploy.0 = Debug|Any CPU
		{BAE0EC9D-7486-48E1-8376-D080EDC97600}.Release|Any CPU.ActiveCfg = Release|Any CPU
		{BAE0EC9D-7486-48E1-8376-D080EDC97600}.Release|Any CPU.Build.0 = Release|Any CPU
		{BAE0EC9D-7486-48E1-8376-D080EDC97600}.Release|Any CPU.Deploy.0 = Release|Any CPU
		{BAE0EC9D-7486-48E1-8376-D080EDC97600}.Release|ARM.ActiveCfg = Release|Any CPU
		{BAE0EC9D-7486-48E1-8376-D080EDC97600}.Release|ARM.Build.0 = Release|Any CPU
		{BAE0EC9D-7486-48E1-8376-D080EDC97600}.Release|ARM.Deploy.0 = Release|Any CPU
		{BAE0EC9D-7486-48E1-8376-D080EDC97600}.Release|iPhone.ActiveCfg = Release|Any CPU
		{BAE0EC9D-7486-48E1-8376-D080EDC97600}.Release|iPhone.Build.0 = Release|Any CPU
		{BAE0EC9D-7486-48E1-8376-D080EDC97600}.Release|iPhone.Deploy.0 = Release|Any CPU
		{BAE0EC9D-7486-48E1-8376-D080EDC97600}.Release|iPhoneSimulator.ActiveCfg = Release|Any CPU
		{BAE0EC9D-7486-48E1-8376-D080EDC97600}.Release|iPhoneSimulator.Build.0 = Release|Any CPU
		{BAE0EC9D-7486-48E1-8376-D080EDC97600}.Release|iPhoneSimulator.Deploy.0 = Release|Any CPU
		{BAE0EC9D-7486-48E1-8376-D080EDC97600}.Release|x64.ActiveCfg = Release|Any CPU
		{BAE0EC9D-7486-48E1-8376-D080EDC97600}.Release|x64.Build.0 = Release|Any CPU
		{BAE0EC9D-7486-48E1-8376-D080EDC97600}.Release|x64.Deploy.0 = Release|Any CPU
		{BAE0EC9D-7486-48E1-8376-D080EDC97600}.Release|x86.ActiveCfg = Release|Any CPU
		{BAE0EC9D-7486-48E1-8376-D080EDC97600}.Release|x86.Build.0 = Release|Any CPU
		{BAE0EC9D-7486-48E1-8376-D080EDC97600}.Release|x86.Deploy.0 = Release|Any CPU
		{08264057-7882-4F79-986B-AD909D4A231D}.Ad-Hoc|Any CPU.ActiveCfg = Ad-Hoc|iPhone
		{08264057-7882-4F79-986B-AD909D4A231D}.Ad-Hoc|ARM.ActiveCfg = Ad-Hoc|iPhone
		{08264057-7882-4F79-986B-AD909D4A231D}.Ad-Hoc|iPhone.ActiveCfg = Ad-Hoc|iPhone
		{08264057-7882-4F79-986B-AD909D4A231D}.Ad-Hoc|iPhone.Build.0 = Ad-Hoc|iPhone
		{08264057-7882-4F79-986B-AD909D4A231D}.Ad-Hoc|iPhoneSimulator.ActiveCfg = Ad-Hoc|iPhoneSimulator
		{08264057-7882-4F79-986B-AD909D4A231D}.Ad-Hoc|iPhoneSimulator.Build.0 = Ad-Hoc|iPhoneSimulator
		{08264057-7882-4F79-986B-AD909D4A231D}.Ad-Hoc|x64.ActiveCfg = Ad-Hoc|iPhone
		{08264057-7882-4F79-986B-AD909D4A231D}.Ad-Hoc|x86.ActiveCfg = Ad-Hoc|iPhone
		{08264057-7882-4F79-986B-AD909D4A231D}.AppStore|Any CPU.ActiveCfg = AppStore|iPhone
		{08264057-7882-4F79-986B-AD909D4A231D}.AppStore|ARM.ActiveCfg = AppStore|iPhone
		{08264057-7882-4F79-986B-AD909D4A231D}.AppStore|iPhone.ActiveCfg = AppStore|iPhone
		{08264057-7882-4F79-986B-AD909D4A231D}.AppStore|iPhone.Build.0 = AppStore|iPhone
		{08264057-7882-4F79-986B-AD909D4A231D}.AppStore|iPhoneSimulator.ActiveCfg = AppStore|iPhoneSimulator
		{08264057-7882-4F79-986B-AD909D4A231D}.AppStore|iPhoneSimulator.Build.0 = AppStore|iPhoneSimulator
		{08264057-7882-4F79-986B-AD909D4A231D}.AppStore|x64.ActiveCfg = AppStore|iPhone
		{08264057-7882-4F79-986B-AD909D4A231D}.AppStore|x86.ActiveCfg = AppStore|iPhone
		{08264057-7882-4F79-986B-AD909D4A231D}.Debug|Any CPU.ActiveCfg = Debug|iPhone
		{08264057-7882-4F79-986B-AD909D4A231D}.Debug|ARM.ActiveCfg = Debug|iPhone
		{08264057-7882-4F79-986B-AD909D4A231D}.Debug|iPhone.ActiveCfg = Debug|iPhone
		{08264057-7882-4F79-986B-AD909D4A231D}.Debug|iPhone.Build.0 = Debug|iPhone
		{08264057-7882-4F79-986B-AD909D4A231D}.Debug|iPhoneSimulator.ActiveCfg = Debug|iPhoneSimulator
		{08264057-7882-4F79-986B-AD909D4A231D}.Debug|iPhoneSimulator.Build.0 = Debug|iPhoneSimulator
		{08264057-7882-4F79-986B-AD909D4A231D}.Debug|x64.ActiveCfg = Debug|iPhone
		{08264057-7882-4F79-986B-AD909D4A231D}.Debug|x86.ActiveCfg = Debug|iPhone
		{08264057-7882-4F79-986B-AD909D4A231D}.Release|Any CPU.ActiveCfg = Release|iPhone
		{08264057-7882-4F79-986B-AD909D4A231D}.Release|ARM.ActiveCfg = Release|iPhone
		{08264057-7882-4F79-986B-AD909D4A231D}.Release|iPhone.ActiveCfg = Release|iPhone
		{08264057-7882-4F79-986B-AD909D4A231D}.Release|iPhone.Build.0 = Release|iPhone
		{08264057-7882-4F79-986B-AD909D4A231D}.Release|iPhoneSimulator.ActiveCfg = Release|iPhoneSimulator
		{08264057-7882-4F79-986B-AD909D4A231D}.Release|iPhoneSimulator.Build.0 = Release|iPhoneSimulator
		{08264057-7882-4F79-986B-AD909D4A231D}.Release|x64.ActiveCfg = Release|iPhone
		{08264057-7882-4F79-986B-AD909D4A231D}.Release|x86.ActiveCfg = Release|iPhone
		{E7F90DB7-AC93-4BF0-A97F-7F72C1B1D172}.Ad-Hoc|Any CPU.ActiveCfg = Release|x86
		{E7F90DB7-AC93-4BF0-A97F-7F72C1B1D172}.Ad-Hoc|Any CPU.Build.0 = Release|x86
		{E7F90DB7-AC93-4BF0-A97F-7F72C1B1D172}.Ad-Hoc|Any CPU.Deploy.0 = Release|x86
		{E7F90DB7-AC93-4BF0-A97F-7F72C1B1D172}.Ad-Hoc|ARM.ActiveCfg = Release|ARM
		{E7F90DB7-AC93-4BF0-A97F-7F72C1B1D172}.Ad-Hoc|ARM.Build.0 = Release|ARM
		{E7F90DB7-AC93-4BF0-A97F-7F72C1B1D172}.Ad-Hoc|ARM.Deploy.0 = Release|ARM
		{E7F90DB7-AC93-4BF0-A97F-7F72C1B1D172}.Ad-Hoc|iPhone.ActiveCfg = Release|x86
		{E7F90DB7-AC93-4BF0-A97F-7F72C1B1D172}.Ad-Hoc|iPhone.Build.0 = Release|x86
		{E7F90DB7-AC93-4BF0-A97F-7F72C1B1D172}.Ad-Hoc|iPhone.Deploy.0 = Release|x86
		{E7F90DB7-AC93-4BF0-A97F-7F72C1B1D172}.Ad-Hoc|iPhoneSimulator.ActiveCfg = Release|x86
		{E7F90DB7-AC93-4BF0-A97F-7F72C1B1D172}.Ad-Hoc|iPhoneSimulator.Build.0 = Release|x86
		{E7F90DB7-AC93-4BF0-A97F-7F72C1B1D172}.Ad-Hoc|iPhoneSimulator.Deploy.0 = Release|x86
		{E7F90DB7-AC93-4BF0-A97F-7F72C1B1D172}.Ad-Hoc|x64.ActiveCfg = Release|x64
		{E7F90DB7-AC93-4BF0-A97F-7F72C1B1D172}.Ad-Hoc|x64.Build.0 = Release|x64
		{E7F90DB7-AC93-4BF0-A97F-7F72C1B1D172}.Ad-Hoc|x64.Deploy.0 = Release|x64
		{E7F90DB7-AC93-4BF0-A97F-7F72C1B1D172}.Ad-Hoc|x86.ActiveCfg = Release|x86
		{E7F90DB7-AC93-4BF0-A97F-7F72C1B1D172}.Ad-Hoc|x86.Build.0 = Release|x86
		{E7F90DB7-AC93-4BF0-A97F-7F72C1B1D172}.Ad-Hoc|x86.Deploy.0 = Release|x86
		{E7F90DB7-AC93-4BF0-A97F-7F72C1B1D172}.AppStore|Any CPU.ActiveCfg = Release|x86
		{E7F90DB7-AC93-4BF0-A97F-7F72C1B1D172}.AppStore|Any CPU.Build.0 = Release|x86
		{E7F90DB7-AC93-4BF0-A97F-7F72C1B1D172}.AppStore|Any CPU.Deploy.0 = Release|x86
		{E7F90DB7-AC93-4BF0-A97F-7F72C1B1D172}.AppStore|ARM.ActiveCfg = Release|ARM
		{E7F90DB7-AC93-4BF0-A97F-7F72C1B1D172}.AppStore|ARM.Build.0 = Release|ARM
		{E7F90DB7-AC93-4BF0-A97F-7F72C1B1D172}.AppStore|ARM.Deploy.0 = Release|ARM
		{E7F90DB7-AC93-4BF0-A97F-7F72C1B1D172}.AppStore|iPhone.ActiveCfg = Release|x86
		{E7F90DB7-AC93-4BF0-A97F-7F72C1B1D172}.AppStore|iPhone.Build.0 = Release|x86
		{E7F90DB7-AC93-4BF0-A97F-7F72C1B1D172}.AppStore|iPhone.Deploy.0 = Release|x86
		{E7F90DB7-AC93-4BF0-A97F-7F72C1B1D172}.AppStore|iPhoneSimulator.ActiveCfg = Release|x86
		{E7F90DB7-AC93-4BF0-A97F-7F72C1B1D172}.AppStore|iPhoneSimulator.Build.0 = Release|x86
		{E7F90DB7-AC93-4BF0-A97F-7F72C1B1D172}.AppStore|iPhoneSimulator.Deploy.0 = Release|x86
		{E7F90DB7-AC93-4BF0-A97F-7F72C1B1D172}.AppStore|x64.ActiveCfg = Release|x64
		{E7F90DB7-AC93-4BF0-A97F-7F72C1B1D172}.AppStore|x64.Build.0 = Release|x64
		{E7F90DB7-AC93-4BF0-A97F-7F72C1B1D172}.AppStore|x64.Deploy.0 = Release|x64
		{E7F90DB7-AC93-4BF0-A97F-7F72C1B1D172}.AppStore|x86.ActiveCfg = Release|x86
		{E7F90DB7-AC93-4BF0-A97F-7F72C1B1D172}.AppStore|x86.Build.0 = Release|x86
		{E7F90DB7-AC93-4BF0-A97F-7F72C1B1D172}.AppStore|x86.Deploy.0 = Release|x86
		{E7F90DB7-AC93-4BF0-A97F-7F72C1B1D172}.Debug|Any CPU.ActiveCfg = Debug|x86
		{E7F90DB7-AC93-4BF0-A97F-7F72C1B1D172}.Debug|ARM.ActiveCfg = Debug|ARM
		{E7F90DB7-AC93-4BF0-A97F-7F72C1B1D172}.Debug|ARM.Build.0 = Debug|ARM
		{E7F90DB7-AC93-4BF0-A97F-7F72C1B1D172}.Debug|ARM.Deploy.0 = Debug|ARM
		{E7F90DB7-AC93-4BF0-A97F-7F72C1B1D172}.Debug|iPhone.ActiveCfg = Debug|x86
		{E7F90DB7-AC93-4BF0-A97F-7F72C1B1D172}.Debug|iPhoneSimulator.ActiveCfg = Debug|x86
		{E7F90DB7-AC93-4BF0-A97F-7F72C1B1D172}.Debug|x64.ActiveCfg = Debug|x64
		{E7F90DB7-AC93-4BF0-A97F-7F72C1B1D172}.Debug|x64.Build.0 = Debug|x64
		{E7F90DB7-AC93-4BF0-A97F-7F72C1B1D172}.Debug|x64.Deploy.0 = Debug|x64
		{E7F90DB7-AC93-4BF0-A97F-7F72C1B1D172}.Debug|x86.ActiveCfg = Debug|x86
		{E7F90DB7-AC93-4BF0-A97F-7F72C1B1D172}.Debug|x86.Build.0 = Debug|x86
		{E7F90DB7-AC93-4BF0-A97F-7F72C1B1D172}.Debug|x86.Deploy.0 = Debug|x86
		{E7F90DB7-AC93-4BF0-A97F-7F72C1B1D172}.Release|Any CPU.ActiveCfg = Release|x86
		{E7F90DB7-AC93-4BF0-A97F-7F72C1B1D172}.Release|ARM.ActiveCfg = Release|ARM
		{E7F90DB7-AC93-4BF0-A97F-7F72C1B1D172}.Release|ARM.Build.0 = Release|ARM
		{E7F90DB7-AC93-4BF0-A97F-7F72C1B1D172}.Release|ARM.Deploy.0 = Release|ARM
		{E7F90DB7-AC93-4BF0-A97F-7F72C1B1D172}.Release|iPhone.ActiveCfg = Release|x86
		{E7F90DB7-AC93-4BF0-A97F-7F72C1B1D172}.Release|iPhoneSimulator.ActiveCfg = Release|x86
		{E7F90DB7-AC93-4BF0-A97F-7F72C1B1D172}.Release|x64.ActiveCfg = Release|x64
		{E7F90DB7-AC93-4BF0-A97F-7F72C1B1D172}.Release|x64.Build.0 = Release|x64
		{E7F90DB7-AC93-4BF0-A97F-7F72C1B1D172}.Release|x64.Deploy.0 = Release|x64
		{E7F90DB7-AC93-4BF0-A97F-7F72C1B1D172}.Release|x86.ActiveCfg = Release|x86
		{E7F90DB7-AC93-4BF0-A97F-7F72C1B1D172}.Release|x86.Build.0 = Release|x86
		{E7F90DB7-AC93-4BF0-A97F-7F72C1B1D172}.Release|x86.Deploy.0 = Release|x86
		{EA093318-7D90-40D2-8456-0081825980E9}.Ad-Hoc|Any CPU.ActiveCfg = Debug|Any CPU
		{EA093318-7D90-40D2-8456-0081825980E9}.Ad-Hoc|Any CPU.Build.0 = Debug|Any CPU
		{EA093318-7D90-40D2-8456-0081825980E9}.Ad-Hoc|ARM.ActiveCfg = Debug|Any CPU
		{EA093318-7D90-40D2-8456-0081825980E9}.Ad-Hoc|ARM.Build.0 = Debug|Any CPU
		{EA093318-7D90-40D2-8456-0081825980E9}.Ad-Hoc|iPhone.ActiveCfg = Debug|Any CPU
		{EA093318-7D90-40D2-8456-0081825980E9}.Ad-Hoc|iPhone.Build.0 = Debug|Any CPU
		{EA093318-7D90-40D2-8456-0081825980E9}.Ad-Hoc|iPhoneSimulator.ActiveCfg = Debug|Any CPU
		{EA093318-7D90-40D2-8456-0081825980E9}.Ad-Hoc|iPhoneSimulator.Build.0 = Debug|Any CPU
		{EA093318-7D90-40D2-8456-0081825980E9}.Ad-Hoc|x64.ActiveCfg = Debug|Any CPU
		{EA093318-7D90-40D2-8456-0081825980E9}.Ad-Hoc|x64.Build.0 = Debug|Any CPU
		{EA093318-7D90-40D2-8456-0081825980E9}.Ad-Hoc|x86.ActiveCfg = Debug|Any CPU
		{EA093318-7D90-40D2-8456-0081825980E9}.Ad-Hoc|x86.Build.0 = Debug|Any CPU
		{EA093318-7D90-40D2-8456-0081825980E9}.AppStore|Any CPU.ActiveCfg = Debug|Any CPU
		{EA093318-7D90-40D2-8456-0081825980E9}.AppStore|Any CPU.Build.0 = Debug|Any CPU
		{EA093318-7D90-40D2-8456-0081825980E9}.AppStore|ARM.ActiveCfg = Debug|Any CPU
		{EA093318-7D90-40D2-8456-0081825980E9}.AppStore|ARM.Build.0 = Debug|Any CPU
		{EA093318-7D90-40D2-8456-0081825980E9}.AppStore|iPhone.ActiveCfg = Debug|Any CPU
		{EA093318-7D90-40D2-8456-0081825980E9}.AppStore|iPhone.Build.0 = Debug|Any CPU
		{EA093318-7D90-40D2-8456-0081825980E9}.AppStore|iPhoneSimulator.ActiveCfg = Debug|Any CPU
		{EA093318-7D90-40D2-8456-0081825980E9}.AppStore|iPhoneSimulator.Build.0 = Debug|Any CPU
		{EA093318-7D90-40D2-8456-0081825980E9}.AppStore|x64.ActiveCfg = Debug|Any CPU
		{EA093318-7D90-40D2-8456-0081825980E9}.AppStore|x64.Build.0 = Debug|Any CPU
		{EA093318-7D90-40D2-8456-0081825980E9}.AppStore|x86.ActiveCfg = Debug|Any CPU
		{EA093318-7D90-40D2-8456-0081825980E9}.AppStore|x86.Build.0 = Debug|Any CPU
		{EA093318-7D90-40D2-8456-0081825980E9}.Debug|Any CPU.ActiveCfg = Debug|Any CPU
		{EA093318-7D90-40D2-8456-0081825980E9}.Debug|Any CPU.Build.0 = Debug|Any CPU
		{EA093318-7D90-40D2-8456-0081825980E9}.Debug|ARM.ActiveCfg = Debug|Any CPU
		{EA093318-7D90-40D2-8456-0081825980E9}.Debug|ARM.Build.0 = Debug|Any CPU
		{EA093318-7D90-40D2-8456-0081825980E9}.Debug|iPhone.ActiveCfg = Debug|Any CPU
		{EA093318-7D90-40D2-8456-0081825980E9}.Debug|iPhone.Build.0 = Debug|Any CPU
		{EA093318-7D90-40D2-8456-0081825980E9}.Debug|iPhoneSimulator.ActiveCfg = Debug|Any CPU
		{EA093318-7D90-40D2-8456-0081825980E9}.Debug|iPhoneSimulator.Build.0 = Debug|Any CPU
		{EA093318-7D90-40D2-8456-0081825980E9}.Debug|x64.ActiveCfg = Debug|Any CPU
		{EA093318-7D90-40D2-8456-0081825980E9}.Debug|x64.Build.0 = Debug|Any CPU
		{EA093318-7D90-40D2-8456-0081825980E9}.Debug|x86.ActiveCfg = Debug|Any CPU
		{EA093318-7D90-40D2-8456-0081825980E9}.Debug|x86.Build.0 = Debug|Any CPU
		{EA093318-7D90-40D2-8456-0081825980E9}.Release|Any CPU.ActiveCfg = Release|Any CPU
		{EA093318-7D90-40D2-8456-0081825980E9}.Release|Any CPU.Build.0 = Release|Any CPU
		{EA093318-7D90-40D2-8456-0081825980E9}.Release|ARM.ActiveCfg = Release|Any CPU
		{EA093318-7D90-40D2-8456-0081825980E9}.Release|ARM.Build.0 = Release|Any CPU
		{EA093318-7D90-40D2-8456-0081825980E9}.Release|iPhone.ActiveCfg = Release|Any CPU
		{EA093318-7D90-40D2-8456-0081825980E9}.Release|iPhone.Build.0 = Release|Any CPU
		{EA093318-7D90-40D2-8456-0081825980E9}.Release|iPhoneSimulator.ActiveCfg = Release|Any CPU
		{EA093318-7D90-40D2-8456-0081825980E9}.Release|iPhoneSimulator.Build.0 = Release|Any CPU
		{EA093318-7D90-40D2-8456-0081825980E9}.Release|x64.ActiveCfg = Release|Any CPU
		{EA093318-7D90-40D2-8456-0081825980E9}.Release|x64.Build.0 = Release|Any CPU
		{EA093318-7D90-40D2-8456-0081825980E9}.Release|x86.ActiveCfg = Release|Any CPU
		{EA093318-7D90-40D2-8456-0081825980E9}.Release|x86.Build.0 = Release|Any CPU
		{32AA0145-3205-48E3-932D-2A6C0056A060}.Ad-Hoc|Any CPU.ActiveCfg = Debug|Any CPU
		{32AA0145-3205-48E3-932D-2A6C0056A060}.Ad-Hoc|Any CPU.Build.0 = Debug|Any CPU
		{32AA0145-3205-48E3-932D-2A6C0056A060}.Ad-Hoc|ARM.ActiveCfg = Debug|Any CPU
		{32AA0145-3205-48E3-932D-2A6C0056A060}.Ad-Hoc|ARM.Build.0 = Debug|Any CPU
		{32AA0145-3205-48E3-932D-2A6C0056A060}.Ad-Hoc|iPhone.ActiveCfg = Debug|Any CPU
		{32AA0145-3205-48E3-932D-2A6C0056A060}.Ad-Hoc|iPhone.Build.0 = Debug|Any CPU
		{32AA0145-3205-48E3-932D-2A6C0056A060}.Ad-Hoc|iPhoneSimulator.ActiveCfg = Debug|Any CPU
		{32AA0145-3205-48E3-932D-2A6C0056A060}.Ad-Hoc|iPhoneSimulator.Build.0 = Debug|Any CPU
		{32AA0145-3205-48E3-932D-2A6C0056A060}.Ad-Hoc|x64.ActiveCfg = Debug|Any CPU
		{32AA0145-3205-48E3-932D-2A6C0056A060}.Ad-Hoc|x64.Build.0 = Debug|Any CPU
		{32AA0145-3205-48E3-932D-2A6C0056A060}.Ad-Hoc|x86.ActiveCfg = Debug|Any CPU
		{32AA0145-3205-48E3-932D-2A6C0056A060}.Ad-Hoc|x86.Build.0 = Debug|Any CPU
		{32AA0145-3205-48E3-932D-2A6C0056A060}.AppStore|Any CPU.ActiveCfg = Debug|Any CPU
		{32AA0145-3205-48E3-932D-2A6C0056A060}.AppStore|Any CPU.Build.0 = Debug|Any CPU
		{32AA0145-3205-48E3-932D-2A6C0056A060}.AppStore|ARM.ActiveCfg = Debug|Any CPU
		{32AA0145-3205-48E3-932D-2A6C0056A060}.AppStore|ARM.Build.0 = Debug|Any CPU
		{32AA0145-3205-48E3-932D-2A6C0056A060}.AppStore|iPhone.ActiveCfg = Debug|Any CPU
		{32AA0145-3205-48E3-932D-2A6C0056A060}.AppStore|iPhone.Build.0 = Debug|Any CPU
		{32AA0145-3205-48E3-932D-2A6C0056A060}.AppStore|iPhoneSimulator.ActiveCfg = Debug|Any CPU
		{32AA0145-3205-48E3-932D-2A6C0056A060}.AppStore|iPhoneSimulator.Build.0 = Debug|Any CPU
		{32AA0145-3205-48E3-932D-2A6C0056A060}.AppStore|x64.ActiveCfg = Debug|Any CPU
		{32AA0145-3205-48E3-932D-2A6C0056A060}.AppStore|x64.Build.0 = Debug|Any CPU
		{32AA0145-3205-48E3-932D-2A6C0056A060}.AppStore|x86.ActiveCfg = Debug|Any CPU
		{32AA0145-3205-48E3-932D-2A6C0056A060}.AppStore|x86.Build.0 = Debug|Any CPU
		{32AA0145-3205-48E3-932D-2A6C0056A060}.Debug|Any CPU.ActiveCfg = Debug|Any CPU
		{32AA0145-3205-48E3-932D-2A6C0056A060}.Debug|Any CPU.Build.0 = Debug|Any CPU
		{32AA0145-3205-48E3-932D-2A6C0056A060}.Debug|ARM.ActiveCfg = Debug|Any CPU
		{32AA0145-3205-48E3-932D-2A6C0056A060}.Debug|ARM.Build.0 = Debug|Any CPU
		{32AA0145-3205-48E3-932D-2A6C0056A060}.Debug|iPhone.ActiveCfg = Debug|Any CPU
		{32AA0145-3205-48E3-932D-2A6C0056A060}.Debug|iPhone.Build.0 = Debug|Any CPU
		{32AA0145-3205-48E3-932D-2A6C0056A060}.Debug|iPhoneSimulator.ActiveCfg = Debug|Any CPU
		{32AA0145-3205-48E3-932D-2A6C0056A060}.Debug|iPhoneSimulator.Build.0 = Debug|Any CPU
		{32AA0145-3205-48E3-932D-2A6C0056A060}.Debug|x64.ActiveCfg = Debug|Any CPU
		{32AA0145-3205-48E3-932D-2A6C0056A060}.Debug|x64.Build.0 = Debug|Any CPU
		{32AA0145-3205-48E3-932D-2A6C0056A060}.Debug|x86.ActiveCfg = Debug|Any CPU
		{32AA0145-3205-48E3-932D-2A6C0056A060}.Debug|x86.Build.0 = Debug|Any CPU
		{32AA0145-3205-48E3-932D-2A6C0056A060}.Release|Any CPU.ActiveCfg = Release|Any CPU
		{32AA0145-3205-48E3-932D-2A6C0056A060}.Release|Any CPU.Build.0 = Release|Any CPU
		{32AA0145-3205-48E3-932D-2A6C0056A060}.Release|ARM.ActiveCfg = Release|Any CPU
		{32AA0145-3205-48E3-932D-2A6C0056A060}.Release|ARM.Build.0 = Release|Any CPU
		{32AA0145-3205-48E3-932D-2A6C0056A060}.Release|iPhone.ActiveCfg = Release|Any CPU
		{32AA0145-3205-48E3-932D-2A6C0056A060}.Release|iPhone.Build.0 = Release|Any CPU
		{32AA0145-3205-48E3-932D-2A6C0056A060}.Release|iPhoneSimulator.ActiveCfg = Release|Any CPU
		{32AA0145-3205-48E3-932D-2A6C0056A060}.Release|iPhoneSimulator.Build.0 = Release|Any CPU
		{32AA0145-3205-48E3-932D-2A6C0056A060}.Release|x64.ActiveCfg = Release|Any CPU
		{32AA0145-3205-48E3-932D-2A6C0056A060}.Release|x64.Build.0 = Release|Any CPU
		{32AA0145-3205-48E3-932D-2A6C0056A060}.Release|x86.ActiveCfg = Release|Any CPU
		{32AA0145-3205-48E3-932D-2A6C0056A060}.Release|x86.Build.0 = Release|Any CPU
		{88FE1A75-E462-4452-A825-AFA2C2B9601F}.Ad-Hoc|Any CPU.ActiveCfg = Debug|Any CPU
		{88FE1A75-E462-4452-A825-AFA2C2B9601F}.Ad-Hoc|Any CPU.Build.0 = Debug|Any CPU
		{88FE1A75-E462-4452-A825-AFA2C2B9601F}.Ad-Hoc|ARM.ActiveCfg = Debug|Any CPU
		{88FE1A75-E462-4452-A825-AFA2C2B9601F}.Ad-Hoc|ARM.Build.0 = Debug|Any CPU
		{88FE1A75-E462-4452-A825-AFA2C2B9601F}.Ad-Hoc|iPhone.ActiveCfg = Debug|Any CPU
		{88FE1A75-E462-4452-A825-AFA2C2B9601F}.Ad-Hoc|iPhone.Build.0 = Debug|Any CPU
		{88FE1A75-E462-4452-A825-AFA2C2B9601F}.Ad-Hoc|iPhoneSimulator.ActiveCfg = Debug|Any CPU
		{88FE1A75-E462-4452-A825-AFA2C2B9601F}.Ad-Hoc|iPhoneSimulator.Build.0 = Debug|Any CPU
		{88FE1A75-E462-4452-A825-AFA2C2B9601F}.Ad-Hoc|x64.ActiveCfg = Debug|Any CPU
		{88FE1A75-E462-4452-A825-AFA2C2B9601F}.Ad-Hoc|x64.Build.0 = Debug|Any CPU
		{88FE1A75-E462-4452-A825-AFA2C2B9601F}.Ad-Hoc|x86.ActiveCfg = Debug|Any CPU
		{88FE1A75-E462-4452-A825-AFA2C2B9601F}.Ad-Hoc|x86.Build.0 = Debug|Any CPU
		{88FE1A75-E462-4452-A825-AFA2C2B9601F}.AppStore|Any CPU.ActiveCfg = Debug|Any CPU
		{88FE1A75-E462-4452-A825-AFA2C2B9601F}.AppStore|Any CPU.Build.0 = Debug|Any CPU
		{88FE1A75-E462-4452-A825-AFA2C2B9601F}.AppStore|ARM.ActiveCfg = Debug|Any CPU
		{88FE1A75-E462-4452-A825-AFA2C2B9601F}.AppStore|ARM.Build.0 = Debug|Any CPU
		{88FE1A75-E462-4452-A825-AFA2C2B9601F}.AppStore|iPhone.ActiveCfg = Debug|Any CPU
		{88FE1A75-E462-4452-A825-AFA2C2B9601F}.AppStore|iPhone.Build.0 = Debug|Any CPU
		{88FE1A75-E462-4452-A825-AFA2C2B9601F}.AppStore|iPhoneSimulator.ActiveCfg = Debug|Any CPU
		{88FE1A75-E462-4452-A825-AFA2C2B9601F}.AppStore|iPhoneSimulator.Build.0 = Debug|Any CPU
		{88FE1A75-E462-4452-A825-AFA2C2B9601F}.AppStore|x64.ActiveCfg = Debug|Any CPU
		{88FE1A75-E462-4452-A825-AFA2C2B9601F}.AppStore|x64.Build.0 = Debug|Any CPU
		{88FE1A75-E462-4452-A825-AFA2C2B9601F}.AppStore|x86.ActiveCfg = Debug|Any CPU
		{88FE1A75-E462-4452-A825-AFA2C2B9601F}.AppStore|x86.Build.0 = Debug|Any CPU
		{88FE1A75-E462-4452-A825-AFA2C2B9601F}.Debug|Any CPU.ActiveCfg = Debug|Any CPU
		{88FE1A75-E462-4452-A825-AFA2C2B9601F}.Debug|Any CPU.Build.0 = Debug|Any CPU
		{88FE1A75-E462-4452-A825-AFA2C2B9601F}.Debug|ARM.ActiveCfg = Debug|Any CPU
		{88FE1A75-E462-4452-A825-AFA2C2B9601F}.Debug|ARM.Build.0 = Debug|Any CPU
		{88FE1A75-E462-4452-A825-AFA2C2B9601F}.Debug|iPhone.ActiveCfg = Debug|Any CPU
		{88FE1A75-E462-4452-A825-AFA2C2B9601F}.Debug|iPhone.Build.0 = Debug|Any CPU
		{88FE1A75-E462-4452-A825-AFA2C2B9601F}.Debug|iPhoneSimulator.ActiveCfg = Debug|Any CPU
		{88FE1A75-E462-4452-A825-AFA2C2B9601F}.Debug|iPhoneSimulator.Build.0 = Debug|Any CPU
		{88FE1A75-E462-4452-A825-AFA2C2B9601F}.Debug|x64.ActiveCfg = Debug|Any CPU
		{88FE1A75-E462-4452-A825-AFA2C2B9601F}.Debug|x64.Build.0 = Debug|Any CPU
		{88FE1A75-E462-4452-A825-AFA2C2B9601F}.Debug|x86.ActiveCfg = Debug|Any CPU
		{88FE1A75-E462-4452-A825-AFA2C2B9601F}.Debug|x86.Build.0 = Debug|Any CPU
		{88FE1A75-E462-4452-A825-AFA2C2B9601F}.Release|Any CPU.ActiveCfg = Release|Any CPU
		{88FE1A75-E462-4452-A825-AFA2C2B9601F}.Release|Any CPU.Build.0 = Release|Any CPU
		{88FE1A75-E462-4452-A825-AFA2C2B9601F}.Release|ARM.ActiveCfg = Release|Any CPU
		{88FE1A75-E462-4452-A825-AFA2C2B9601F}.Release|ARM.Build.0 = Release|Any CPU
		{88FE1A75-E462-4452-A825-AFA2C2B9601F}.Release|iPhone.ActiveCfg = Release|Any CPU
		{88FE1A75-E462-4452-A825-AFA2C2B9601F}.Release|iPhone.Build.0 = Release|Any CPU
		{88FE1A75-E462-4452-A825-AFA2C2B9601F}.Release|iPhoneSimulator.ActiveCfg = Release|Any CPU
		{88FE1A75-E462-4452-A825-AFA2C2B9601F}.Release|iPhoneSimulator.Build.0 = Release|Any CPU
		{88FE1A75-E462-4452-A825-AFA2C2B9601F}.Release|x64.ActiveCfg = Release|Any CPU
		{88FE1A75-E462-4452-A825-AFA2C2B9601F}.Release|x64.Build.0 = Release|Any CPU
		{88FE1A75-E462-4452-A825-AFA2C2B9601F}.Release|x86.ActiveCfg = Release|Any CPU
		{88FE1A75-E462-4452-A825-AFA2C2B9601F}.Release|x86.Build.0 = Release|Any CPU
	EndGlobalSection
	GlobalSection(SolutionProperties) = preSolution
		HideSolutionNode = FALSE
	EndGlobalSection
	GlobalSection(NestedProjects) = preSolution
		{BAE0EC9D-7486-48E1-8376-D080EDC97600} = {A1CBA299-7F7A-469D-BA44-2D4684D7EE6E}
		{08264057-7882-4F79-986B-AD909D4A231D} = {A1CBA299-7F7A-469D-BA44-2D4684D7EE6E}
		{E7F90DB7-AC93-4BF0-A97F-7F72C1B1D172} = {A1CBA299-7F7A-469D-BA44-2D4684D7EE6E}
	EndGlobalSection
	GlobalSection(ExtensibilityGlobals) = postSolution
		SolutionGuid = {C90F154A-1889-481B-87E0-FFF3D1387DDB}
	EndGlobalSection
EndGlobal
